lockfileVersion: '9.0'

settings:
  autoInstallPeers: true
  excludeLinksFromLockfile: false

importers:

  .:
    devDependencies:
      repoledger:
        specifier: workspace:*
        version: link:packages/repoledger
      semver:
        specifier: ^7.8.5
        version: 7.8.5
      yaml:
        specifier: ^2.9.1
        version: 2.9.1

  packages/repoledger:
    dependencies:
      commander:
        specifier: ^14.0.3
        version: 14.0.3
      marked:
        specifier: ^18.0.13
        version: 18.0.13

packages:

  commander@14.0.3:
    resolution: {integrity: sha512-H+y0Jo/T1RZ9qPP4Eh1pkcQcLRglraJaSLoyOtHxu6AapkjWVCy2Sit1QQ4x3Dng8qDlSsZEet7g5Pq06MvTgw==}
    engines: {node: '>=20'}

  marked@18.0.13:
    resolution: {integrity: sha512-xTxVzZsBFwunP6HDmtBkabUQEYArnP7/rMDGmPj9SlrKlQ4i8MdYVow+nJL0eOqwpUqhzBoTBRADGN6uYwPyOw==}
    engines: {node: '>= 20'}
    hasBin: true

  semver@7.8.5:
    resolution: {integrity: sha512-Y7/KDsb8LjooZpwaqGyulO6DQlksgCncchHGk+sZIY4SBvUocMBEFH5Ur1fI4dV+Jvl0w6cjvucaIi40puRioA==}
    engines: {node: '>=10'}
    hasBin: true

  yaml@2.9.1:
    resolution: {integrity: sha512-3NxN8+78OdzbT7C/WjGsyfPAtJaN3FNDsWxv7Y7mcDsT/oOmgW8BpyQQFFBnvZE3j9Y2Sdz1ULFLezL7Eb2yFw==}
    engines: {node: '>= 14.6'}
    hasBin: true

snapshots:

  commander@14.0.3: {}

  marked@18.0.13: {}

  semver@7.8.5: {}

  yaml@2.9.1: {}
